
Microsoft Visual Studio Solution File, Format Version 12.00
# Visual Studio Version 17
VisualStudioVersion = 17.0.31903.59
MinimumVisualStudioVersion = 10.0.40219.1
Project("{2150E333-8FDC-42A3-9474-1A3956D46DE8}") = "Services", "Services", "{B57386DF-CF1C-4768-81DE-5EDE494AB626}"
EndProject
Project("{2150E333-8FDC-42A3-9474-1A3956D46DE8}") = "Catalog", "Catalog", "{2054FEED-38B9-4849-BDA8-157164677D31}"
EndProject
Project("{FAE04EC0-301F-11D3-BF4B-00C04F79EFBC}") = "MultiShop.Catalog", "Services\Catalog\MultiShop.Catalog\MultiShop.Catalog.csproj", "{81648E58-390B-4F77-8F13-AD2EBC717D47}"
EndProject
Global
	GlobalSection(SolutionConfigurationPlatforms) = preSolution
		Debug|Any CPU = Debug|Any CPU
		Release|Any CPU = Release|Any CPU
	EndGlobalSection
	GlobalSection(ProjectConfigurationPlatforms) = postSolution
		{81648E58-390B-4F77-8F13-AD2EBC717D47}.Debug|Any CPU.ActiveCfg = Debug|Any CPU
		{81648E58-390B-4F77-8F13-AD2EBC717D47}.Debug|Any CPU.Build.0 = Debug|Any CPU
		{81648E58-390B-4F77-8F13-AD2EBC717D47}.Release|Any CPU.ActiveCfg = Release|Any CPU
		{81648E58-390B-4F77-8F13-AD2EBC717D47}.Release|Any CPU.Build.0 = Release|Any CPU
	EndGlobalSection
	GlobalSection(SolutionProperties) = preSolution
		HideSolutionNode = FALSE
	EndGlobalSection
	GlobalSection(NestedProjects) = preSolution
		{2054FEED-38B9-4849-BDA8-157164677D31} = {B57386DF-CF1C-4768-81DE-5EDE494AB626}
		{81648E58-390B-4F77-8F13-AD2EBC717D47} = {2054FEED-38B9-4849-BDA8-157164677D31}
	EndGlobalSection
	GlobalSection(ExtensibilityGlobals) = postSolution
		SolutionGuid = {7F6B002C-C6EF-4FD6-8C79-1910795C3BBB}
	EndGlobalSection
EndGlobal
